// !$*UTF8*$!
{
	archiveVersion = 1;
	classes = {
	};
	objectVersion = 51;
	objects = {

/* Begin PBXBuildFile section */
		4D6559F625802123001A785C /* BurgerMenu.swift in Sources */ = {isa = PBXBuildFile; fileRef = 4D6559F525802123001A785C /* BurgerMenu.swift */; };
		4DC58CCA257A958500BFA48C /* GoogleService-Info.plist in Resources */ = {isa = PBXBuildFile; fileRef = 4DC58CC9257A958500BFA48C /* GoogleService-Info.plist */; };
		972C4B455265BF343A7DFDC5 /* Pods_DrinkTogether.framework in Frameworks */ = {isa = PBXBuildFile; fileRef = 256DAE9DCD383985160BD61D /* Pods_DrinkTogether.framework */; };
		BCDF1F162577F1ED00B7DC8C /* AppDelegate.swift in Sources */ = {isa = PBXBuildFile; fileRef = BCDF1F152577F1ED00B7DC8C /* AppDelegate.swift */; };
		BCDF1F182577F1ED00B7DC8C /* SceneDelegate.swift in Sources */ = {isa = PBXBuildFile; fileRef = BCDF1F172577F1ED00B7DC8C /* SceneDelegate.swift */; };
		BCDF1F1A2577F1ED00B7DC8C /* ViewController.swift in Sources */ = {isa = PBXBuildFile; fileRef = BCDF1F192577F1ED00B7DC8C /* ViewController.swift */; };
		BCDF1F1D2577F1ED00B7DC8C /* Main.storyboard in Resources */ = {isa = PBXBuildFile; fileRef = BCDF1F1B2577F1ED00B7DC8C /* Main.storyboard */; };
		BCDF1F1F2577F1ED00B7DC8C /* Assets.xcassets in Resources */ = {isa = PBXBuildFile; fileRef = BCDF1F1E2577F1ED00B7DC8C /* Assets.xcassets */; };
		BCDF1F222577F1ED00B7DC8C /* LaunchScreen.storyboard in Resources */ = {isa = PBXBuildFile; fileRef = BCDF1F202577F1ED00B7DC8C /* LaunchScreen.storyboard */; };
		BCDF1F2B2577F24300B7DC8C /* SignUpViewController.swift in Sources */ = {isa = PBXBuildFile; fileRef = BCDF1F2A2577F24300B7DC8C /* SignUpViewController.swift */; };
		BCDF1F2E2577F25800B7DC8C /* SignInViewController.swift in Sources */ = {isa = PBXBuildFile; fileRef = BCDF1F2D2577F25800B7DC8C /* SignInViewController.swift */; };
		BCDF1F312577F26D00B7DC8C /* HomeViewController.swift in Sources */ = {isa = PBXBuildFile; fileRef = BCDF1F302577F26D00B7DC8C /* HomeViewController.swift */; };
		BCDF1F592578153600B7DC8C /* Constants.swift in Sources */ = {isa = PBXBuildFile; fileRef = BCDF1F582578153500B7DC8C /* Constants.swift */; };
		BCEAD0912579157B00C2D344 /* Utilities.swift in Sources */ = {isa = PBXBuildFile; fileRef = BCEAD0902579157B00C2D344 /* Utilities.swift */; };
/* End PBXBuildFile section */

/* Begin PBXFileReference section */
		256DAE9DCD383985160BD61D /* Pods_DrinkTogether.framework */ = {isa = PBXFileReference; explicitFileType = wrapper.framework; includeInIndex = 0; path = Pods_DrinkTogether.framework; sourceTree = BUILT_PRODUCTS_DIR; };
		4D6559F525802123001A785C /* BurgerMenu.swift */ = {isa = PBXFileReference; lastKnownFileType = sourcecode.swift; path = BurgerMenu.swift; sourceTree = "<group>"; };
		4DC58CC9257A958500BFA48C /* GoogleService-Info.plist */ = {isa = PBXFileReference; lastKnownFileType = text.plist; path = "GoogleService-Info.plist"; sourceTree = SOURCE_ROOT; };
		6010102FEF5A24F4BE8C23C7 /* Pods-DrinkTogether.release.xcconfig */ = {isa = PBXFileReference; includeInIndex = 1; lastKnownFileType = text.xcconfig; name = "Pods-DrinkTogether.release.xcconfig"; path = "Target Support Files/Pods-DrinkTogether/Pods-DrinkTogether.release.xcconfig"; sourceTree = "<group>"; };
		BCDF1F122577F1ED00B7DC8C /* DrinkTogether.app */ = {isa = PBXFileReference; explicitFileType = wrapper.application; includeInIndex = 0; path = DrinkTogether.app; sourceTree = BUILT_PRODUCTS_DIR; };
		BCDF1F152577F1ED00B7DC8C /* AppDelegate.swift */ = {isa = PBXFileReference; lastKnownFileType = sourcecode.swift; path = AppDelegate.swift; sourceTree = "<group>"; };
		BCDF1F172577F1ED00B7DC8C /* SceneDelegate.swift */ = {isa = PBXFileReference; lastKnownFileType = sourcecode.swift; path = SceneDelegate.swift; sourceTree = "<group>"; };
		BCDF1F192577F1ED00B7DC8C /* ViewController.swift */ = {isa = PBXFileReference; lastKnownFileType = sourcecode.swift; path = ViewController.swift; sourceTree = "<group>"; };
		BCDF1F1C2577F1ED00B7DC8C /* Base */ = {isa = PBXFileReference; lastKnownFileType = file.storyboard; name = Base; path = Base.lproj/Main.storyboard; sourceTree = "<group>"; };
		BCDF1F1E2577F1ED00B7DC8C /* Assets.xcassets */ = {isa = PBXFileReference; lastKnownFileType = folder.assetcatalog; path = Assets.xcassets; sourceTree = "<group>"; };
		BCDF1F212577F1ED00B7DC8C /* Base */ = {isa = PBXFileReference; lastKnownFileType = file.storyboard; name = Base; path = Base.lproj/LaunchScreen.storyboard; sourceTree = "<group>"; };
		BCDF1F232577F1ED00B7DC8C /* Info.plist */ = {isa = PBXFileReference; lastKnownFileType = text.plist.xml; path = Info.plist; sourceTree = "<group>"; };
		BCDF1F2A2577F24300B7DC8C /* SignUpViewController.swift */ = {isa = PBXFileReference; lastKnownFileType = sourcecode.swift; path = SignUpViewController.swift; sourceTree = "<group>"; };
		BCDF1F2D2577F25800B7DC8C /* SignInViewController.swift */ = {isa = PBXFileReference; lastKnownFileType = sourcecode.swift; path = SignInViewController.swift; sourceTree = "<group>"; };
		BCDF1F302577F26D00B7DC8C /* HomeViewController.swift */ = {isa = PBXFileReference; lastKnownFileType = sourcecode.swift; path = HomeViewController.swift; sourceTree = "<group>"; };
		BCDF1F582578153500B7DC8C /* Constants.swift */ = {isa = PBXFileReference; lastKnownFileType = sourcecode.swift; path = Constants.swift; sourceTree = "<group>"; };
		BCEAD0902579157B00C2D344 /* Utilities.swift */ = {isa = PBXFileReference; lastKnownFileType = sourcecode.swift; path = Utilities.swift; sourceTree = "<group>"; };
		F8C9DAC399526BCE578974F9 /* Pods-DrinkTogether.debug.xcconfig */ = {isa = PBXFileReference; includeInIndex = 1; lastKnownFileType = text.xcconfig; name = "Pods-DrinkTogether.debug.xcconfig"; path = "Target Support Files/Pods-DrinkTogether/Pods-DrinkTogether.debug.xcconfig"; sourceTree = "<group>"; };
/* End PBXFileReference section */

/* Begin PBXFrameworksBuildPhase section */
		BCDF1F0F2577F1ED00B7DC8C /* Frameworks */ = {
			isa = PBXFrameworksBuildPhase;
			buildActionMask = 2147483647;
			files = (
				972C4B455265BF343A7DFDC5 /* Pods_DrinkTogether.framework in Frameworks */,
			);
			runOnlyForDeploymentPostprocessing = 0;
		};
/* End PBXFrameworksBuildPhase section */

/* Begin PBXGroup section */
		495C1872F592E32A54CBD7E9 /* Pods */ = {
			isa = PBXGroup;
			children = (
				F8C9DAC399526BCE578974F9 /* Pods-DrinkTogether.debug.xcconfig */,
				6010102FEF5A24F4BE8C23C7 /* Pods-DrinkTogether.release.xcconfig */,
			);
			path = Pods;
			sourceTree = "<group>";
		};
		9957FBFE94F7A8100C7CF0A8 /* Frameworks */ = {
			isa = PBXGroup;
			children = (
				256DAE9DCD383985160BD61D /* Pods_DrinkTogether.framework */,
			);
			name = Frameworks;
			sourceTree = "<group>";
		};
		BCDF1F092577F1ED00B7DC8C = {
			isa = PBXGroup;
			children = (
				BCDF1F142577F1ED00B7DC8C /* DrinkTogether */,
				BCDF1F132577F1ED00B7DC8C /* Products */,
				495C1872F592E32A54CBD7E9 /* Pods */,
				9957FBFE94F7A8100C7CF0A8 /* Frameworks */,
			);
			sourceTree = "<group>";
		};
		BCDF1F132577F1ED00B7DC8C /* Products */ = {
			isa = PBXGroup;
			children = (
				BCDF1F122577F1ED00B7DC8C /* DrinkTogether.app */,
			);
			name = Products;
			sourceTree = "<group>";
		};
		BCDF1F142577F1ED00B7DC8C /* DrinkTogether */ = {
			isa = PBXGroup;
			children = (
				BCDF1F332577F28200B7DC8C /* View Controllers */,
				BCDF1F152577F1ED00B7DC8C /* AppDelegate.swift */,
				BCDF1F172577F1ED00B7DC8C /* SceneDelegate.swift */,
				BCDF1F1B2577F1ED00B7DC8C /* Main.storyboard */,
				BCDF1F1E2577F1ED00B7DC8C /* Assets.xcassets */,
				BCDF1F202577F1ED00B7DC8C /* LaunchScreen.storyboard */,
				BCDF1F232577F1ED00B7DC8C /* Info.plist */,
				BCDF1F582578153500B7DC8C /* Constants.swift */,
				BCEAD0902579157B00C2D344 /* Utilities.swift */,
				4DC58CC9257A958500BFA48C /* GoogleService-Info.plist */,
			);
			path = DrinkTogether;
			sourceTree = "<group>";
		};
		BCDF1F332577F28200B7DC8C /* View Controllers */ = {
			isa = PBXGroup;
			children = (
				BCDF1F192577F1ED00B7DC8C /* ViewController.swift */,
				BCDF1F2A2577F24300B7DC8C /* SignUpViewController.swift */,
				BCDF1F2D2577F25800B7DC8C /* SignInViewController.swift */,
				BCDF1F302577F26D00B7DC8C /* HomeViewController.swift */,
				4D6559F525802123001A785C /* BurgerMenu.swift */,
			);
			path = "View Controllers";
			sourceTree = "<group>";
		};
/* End PBXGroup section */

/* Begin PBXNativeTarget section */
		BCDF1F112577F1ED00B7DC8C /* DrinkTogether */ = {
			isa = PBXNativeTarget;
			buildConfigurationList = BCDF1F262577F1ED00B7DC8C /* Build configuration list for PBXNativeTarget "DrinkTogether" */;
			buildPhases = (
				F5D2BD83CE3A8E62D0447C95 /* [CP] Check Pods Manifest.lock */,
				BCDF1F0E2577F1ED00B7DC8C /* Sources */,
				BCDF1F0F2577F1ED00B7DC8C /* Frameworks */,
				BCDF1F102577F1ED00B7DC8C /* Resources */,
				2B5165B922CE18E9727DED21 /* [CP] Embed Pods Frameworks */,
			);
			buildRules = (
			);
			dependencies = (
			);
			name = DrinkTogether;
			productName = DrinkTogether;
			productReference = BCDF1F122577F1ED00B7DC8C /* DrinkTogether.app */;
			productType = "com.apple.product-type.application";
		};
/* End PBXNativeTarget section */

/* Begin PBXProject section */
		BCDF1F0A2577F1ED00B7DC8C /* Project object */ = {
			isa = PBXProject;
			attributes = {
				LastSwiftUpdateCheck = 1220;
				LastUpgradeCheck = 1220;
				TargetAttributes = {
					BCDF1F112577F1ED00B7DC8C = {
						CreatedOnToolsVersion = 12.2;
					};
				};
			};
			buildConfigurationList = BCDF1F0D2577F1ED00B7DC8C /* Build configuration list for PBXProject "DrinkTogether" */;
			compatibilityVersion = "Xcode 9.3";
			developmentRegion = en;
			hasScannedForEncodings = 0;
			knownRegions = (
				en,
				Base,
			);
			mainGroup = BCDF1F092577F1ED00B7DC8C;
			productRefGroup = BCDF1F132577F1ED00B7DC8C /* Products */;
			projectDirPath = "";
			projectRoot = "";
			targets = (
				BCDF1F112577F1ED00B7DC8C /* DrinkTogether */,
			);
		};
/* End PBXProject section */

/* Begin PBXResourcesBuildPhase section */
		BCDF1F102577F1ED00B7DC8C /* Resources */ = {
			isa = PBXResourcesBuildPhase;
			buildActionMask = 2147483647;
			files = (
				BCDF1F222577F1ED00B7DC8C /* LaunchScreen.storyboard in Resources */,
				4DC58CCA257A958500BFA48C /* GoogleService-Info.plist in Resources */,
				BCDF1F1F2577F1ED00B7DC8C /* Assets.xcassets in Resources */,
				BCDF1F1D2577F1ED00B7DC8C /* Main.storyboard in Resources */,
			);
			runOnlyForDeploymentPostprocessing = 0;
		};
/* End PBXResourcesBuildPhase section */

/* Begin PBXShellScriptBuildPhase section */
		2B5165B922CE18E9727DED21 /* [CP] Embed Pods Frameworks */ = {
			isa = PBXShellScriptBuildPhase;
			buildActionMask = 2147483647;
			files = (
			);
			inputFileListPaths = (
				"${PODS_ROOT}/Target Support Files/Pods-DrinkTogether/Pods-DrinkTogether-frameworks-${CONFIGURATION}-input-files.xcfilelist",
			);
			name = "[CP] Embed Pods Frameworks";
			outputFileListPaths = (
				"${PODS_ROOT}/Target Support Files/Pods-DrinkTogether/Pods-DrinkTogether-frameworks-${CONFIGURATION}-output-files.xcfilelist",
			);
			runOnlyForDeploymentPostprocessing = 0;
			shellPath = /bin/sh;
			shellScript = "\"${PODS_ROOT}/Target Support Files/Pods-DrinkTogether/Pods-DrinkTogether-frameworks.sh\"\n";
			showEnvVarsInLog = 0;
		};
		F5D2BD83CE3A8E62D0447C95 /* [CP] Check Pods Manifest.lock */ = {
			isa = PBXShellScriptBuildPhase;
			buildActionMask = 2147483647;
			files = (
			);
			inputFileListPaths = (
			);
			inputPaths = (
				"${PODS_PODFILE_DIR_PATH}/Podfile.lock",
				"${PODS_ROOT}/Manifest.lock",
			);
			name = "[CP] Check Pods Manifest.lock";
			outputFileListPaths = (
			);
			outputPaths = (
				"$(DERIVED_FILE_DIR)/Pods-DrinkTogether-checkManifestLockResult.txt",
			);
			runOnlyForDeploymentPostprocessing = 0;
			shellPath = /bin/sh;
			shellScript = "diff \"${PODS_PODFILE_DIR_PATH}/Podfile.lock\" \"${PODS_ROOT}/Manifest.lock\" > /dev/null\nif [ $? != 0 ] ; then\n    # print error to STDERR\n    echo \"error: The sandbox is not in sync with the Podfile.lock. Run 'pod install' or update your CocoaPods installation.\" >&2\n    exit 1\nfi\n# This output is used by Xcode 'outputs' to avoid re-running this script phase.\necho \"SUCCESS\" > \"${SCRIPT_OUTPUT_FILE_0}\"\n";
			showEnvVarsInLog = 0;
		};
/* End PBXShellScriptBuildPhase section */

/* Begin PBXSourcesBuildPhase section */
		BCDF1F0E2577F1ED00B7DC8C /* Sources */ = {
			isa = PBXSourcesBuildPhase;
			buildActionMask = 2147483647;
			files = (
				BCDF1F1A2577F1ED00B7DC8C /* ViewController.swift in Sources */,
				BCDF1F162577F1ED00B7DC8C /* AppDelegate.swift in Sources */,
				BCDF1F2B2577F24300B7DC8C /* SignUpViewController.swift in Sources */,
				BCDF1F2E2577F25800B7DC8C /* SignInViewController.swift in Sources */,
				4D6559F625802123001A785C /* BurgerMenu.swift in Sources */,
				BCDF1F592578153600B7DC8C /* Constants.swift in Sources */,
				BCDF1F182577F1ED00B7DC8C /* SceneDelegate.swift in Sources */,
				BCEAD0912579157B00C2D344 /* Utilities.swift in Sources */,
				BCDF1F312577F26D00B7DC8C /* HomeViewController.swift in Sources */,
			);
			runOnlyForDeploymentPostprocessing = 0;
		};
/* End PBXSourcesBuildPhase section */

/* Begin PBXVariantGroup section */
		BCDF1F1B2577F1ED00B7DC8C /* Main.storyboard */ = {
			isa = PBXVariantGroup;
			children = (
				BCDF1F1C2577F1ED00B7DC8C /* Base */,
			);
			name = Main.storyboard;
			sourceTree = "<group>";
		};
		BCDF1F202577F1ED00B7DC8C /* LaunchScreen.storyboard */ = {
			isa = PBXVariantGroup;
			children = (
				BCDF1F212577F1ED00B7DC8C /* Base */,
			);
			name = LaunchScreen.storyboard;
			sourceTree = "<group>";
		};
/* End PBXVariantGroup section */

/* Begin XCBuildConfiguration section */
		BCDF1F242577F1ED00B7DC8C /* Debug */ = {
			isa = XCBuildConfiguration;
			buildSettings = {
				ALWAYS_SEARCH_USER_PATHS = NO;
				CLANG_ANALYZER_NONNULL = YES;
				CLANG_ANALYZER_NUMBER_OBJECT_CONVERSION = YES_AGGRESSIVE;
				CLANG_CXX_LANGUAGE_STANDARD = "gnu++14";
				CLANG_CXX_LIBRARY = "libc++";
				CLANG_ENABLE_MODULES = YES;
				CLANG_ENABLE_OBJC_ARC = YES;
				CLANG_ENABLE_OBJC_WEAK = YES;
				CLANG_WARN_BLOCK_CAPTURE_AUTORELEASING = YES;
				CLANG_WARN_BOOL_CONVERSION = YES;
				CLANG_WARN_COMMA = YES;
				CLANG_WARN_CONSTANT_CONVERSION = YES;
				CLANG_WARN_DEPRECATED_OBJC_IMPLEMENTATIONS = YES;
				CLANG_WARN_DIRECT_OBJC_ISA_USAGE = YES_ERROR;
				CLANG_WARN_DOCUMENTATION_COMMENTS = YES;
				CLANG_WARN_EMPTY_BODY = YES;
				CLANG_WARN_ENUM_CONVERSION = YES;
				CLANG_WARN_INFINITE_RECURSION = YES;
				CLANG_WARN_INT_CONVERSION = YES;
				CLANG_WARN_NON_LITERAL_NULL_CONVERSION = YES;
				CLANG_WARN_OBJC_IMPLICIT_RETAIN_SELF = YES;
				CLANG_WARN_OBJC_LITERAL_CONVERSION = YES;
				CLANG_WARN_OBJC_ROOT_CLASS = YES_ERROR;
				CLANG_WARN_QUOTED_INCLUDE_IN_FRAMEWORK_HEADER = YES;
				CLANG_WARN_RANGE_LOOP_ANALYSIS = YES;
				CLANG_WARN_STRICT_PROTOTYPES = YES;
				CLANG_WARN_SUSPICIOUS_MOVE = YES;
				CLANG_WARN_UNGUARDED_AVAILABILITY = YES_AGGRESSIVE;
				CLANG_WARN_UNREACHABLE_CODE = YES;
				CLANG_WARN__DUPLICATE_METHOD_MATCH = YES;
				COPY_PHASE_STRIP = NO;
				DEBUG_INFORMATION_FORMAT = dwarf;
				ENABLE_STRICT_OBJC_MSGSEND = YES;
				ENABLE_TESTABILITY = YES;
				GCC_C_LANGUAGE_STANDARD = gnu11;
				GCC_DYNAMIC_NO_PIC = NO;
				GCC_NO_COMMON_BLOCKS = YES;
				GCC_OPTIMIZATION_LEVEL = 0;
				GCC_PREPROCESSOR_DEFINITIONS = (
					"DEBUG=1",
					"$(inherited)",
				);
				GCC_WARN_64_TO_32_BIT_CONVERSION = YES;
				GCC_WARN_ABOUT_RETURN_TYPE = YES_ERROR;
				GCC_WARN_UNDECLARED_SELECTOR = YES;
				GCC_WARN_UNINITIALIZED_AUTOS = YES_AGGRESSIVE;
				GCC_WARN_UNUSED_FUNCTION = YES;
				GCC_WARN_UNUSED_VARIABLE = YES;
				IPHONEOS_DEPLOYMENT_TARGET = 14.2;
				MTL_ENABLE_DEBUG_INFO = INCLUDE_SOURCE;
				MTL_FAST_MATH = YES;
				ONLY_ACTIVE_ARCH = YES;
				SDKROOT = iphoneos;
				SWIFT_ACTIVE_COMPILATION_CONDITIONS = DEBUG;
				SWIFT_OPTIMIZATION_LEVEL = "-Onone";
			};
			name = Debug;
		};
		BCDF1F252577F1ED00B7DC8C /* Release */ = {
			isa = XCBuildConfiguration;
			buildSettings = {
				ALWAYS_SEARCH_USER_PATHS = NO;
				CLANG_ANALYZER_NONNULL = YES;
				CLANG_ANALYZER_NUMBER_OBJECT_CONVERSION = YES_AGGRESSIVE;
				CLANG_CXX_LANGUAGE_STANDARD = "gnu++14";
				CLANG_CXX_LIBRARY = "libc++";
				CLANG_ENABLE_MODULES = YES;
				CLANG_ENABLE_OBJC_ARC = YES;
				CLANG_ENABLE_OBJC_WEAK = YES;
				CLANG_WARN_BLOCK_CAPTURE_AUTORELEASING = YES;
				CLANG_WARN_BOOL_CONVERSION = YES;
				CLANG_WARN_COMMA = YES;
				CLANG_WARN_CONSTANT_CONVERSION = YES;
				CLANG_WARN_DEPRECATED_OBJC_IMPLEMENTATIONS = YES;
				CLANG_WARN_DIRECT_OBJC_ISA_USAGE = YES_ERROR;
				CLANG_WARN_DOCUMENTATION_COMMENTS = YES;
				CLANG_WARN_EMPTY_BODY = YES;
				CLANG_WARN_ENUM_CONVERSION = YES;
				CLANG_WARN_INFINITE_RECURSION = YES;
				CLANG_WARN_INT_CONVERSION = YES;
				CLANG_WARN_NON_LITERAL_NULL_CONVERSION = YES;
				CLANG_WARN_OBJC_IMPLICIT_RETAIN_SELF = YES;
				CLANG_WARN_OBJC_LITERAL_CONVERSION = YES;
				CLANG_WARN_OBJC_ROOT_CLASS = YES_ERROR;
				CLANG_WARN_QUOTED_INCLUDE_IN_FRAMEWORK_HEADER = YES;
				CLANG_WARN_RANGE_LOOP_ANALYSIS = YES;
				CLANG_WARN_STRICT_PROTOTYPES = YES;
				CLANG_WARN_SUSPICIOUS_MOVE = YES;
				CLANG_WARN_UNGUARDED_AVAILABILITY = YES_AGGRESSIVE;
				CLANG_WARN_UNREACHABLE_CODE = YES;
				CLANG_WARN__DUPLICATE_METHOD_MATCH = YES;
				COPY_PHASE_STRIP = NO;
				DEBUG_INFORMATION_FORMAT = "dwarf-with-dsym";
				ENABLE_NS_ASSERTIONS = NO;
				ENABLE_STRICT_OBJC_MSGSEND = YES;
				GCC_C_LANGUAGE_STANDARD = gnu11;
				GCC_NO_COMMON_BLOCKS = YES;
				GCC_WARN_64_TO_32_BIT_CONVERSION = YES;
				GCC_WARN_ABOUT_RETURN_TYPE = YES_ERROR;
				GCC_WARN_UNDECLARED_SELECTOR = YES;
				GCC_WARN_UNINITIALIZED_AUTOS = YES_AGGRESSIVE;
				GCC_WARN_UNUSED_FUNCTION = YES;
				GCC_WARN_UNUSED_VARIABLE = YES;
				IPHONEOS_DEPLOYMENT_TARGET = 14.2;
				MTL_ENABLE_DEBUG_INFO = NO;
				MTL_FAST_MATH = YES;
				SDKROOT = iphoneos;
				SWIFT_COMPILATION_MODE = wholemodule;
				SWIFT_OPTIMIZATION_LEVEL = "-O";
				VALIDATE_PRODUCT = YES;
			};
			name = Release;
		};
		BCDF1F272577F1ED00B7DC8C /* Debug */ = {
			isa = XCBuildConfiguration;
			baseConfigurationReference = F8C9DAC399526BCE578974F9 /* Pods-DrinkTogether.debug.xcconfig */;
			buildSettings = {
				ASSETCATALOG_COMPILER_APPICON_NAME = AppIcon;
				ASSETCATALOG_COMPILER_GLOBAL_ACCENT_COLOR_NAME = AccentColor;
				CODE_SIGN_STYLE = Automatic;
				DEVELOPMENT_TEAM = Z988D3GT3S;
				INFOPLIST_FILE = DrinkTogether/Info.plist;
				LD_RUNPATH_SEARCH_PATHS = (
					"$(inherited)",
					"@executable_path/Frameworks",
				);
				PRODUCT_BUNDLE_IDENTIFIER = io.obser.com.DrinkTogether;
				PRODUCT_NAME = "$(TARGET_NAME)";
				SWIFT_VERSION = 5.0;
				TARGETED_DEVICE_FAMILY = "1,2";
			};
			name = Debug;
		};
		BCDF1F282577F1ED00B7DC8C /* Release */ = {
			isa = XCBuildConfiguration;
			baseConfigurationReference = 6010102FEF5A24F4BE8C23C7 /* Pods-DrinkTogether.release.xcconfig */;
			buildSettings = {
				ASSETCATALOG_COMPILER_APPICON_NAME = AppIcon;
				ASSETCATALOG_COMPILER_GLOBAL_ACCENT_COLOR_NAME = AccentColor;
				CODE_SIGN_STYLE = Automatic;
				DEVELOPMENT_TEAM = Z988D3GT3S;
				INFOPLIST_FILE = DrinkTogether/Info.plist;
				LD_RUNPATH_SEARCH_PATHS = (
					"$(inherited)",
					"@executable_path/Frameworks",
				);
				PRODUCT_BUNDLE_IDENTIFIER = io.obser.com.DrinkTogether;
				PRODUCT_NAME = "$(TARGET_NAME)";
				SWIFT_VERSION = 5.0;
				TARGETED_DEVICE_FAMILY = "1,2";
			};
			name = Release;
		};
/* End XCBuildConfiguration section */

/* Begin XCConfigurationList section */
		BCDF1F0D2577F1ED00B7DC8C /* Build configuration list for PBXProject "DrinkTogether" */ = {
			isa = XCConfigurationList;
			buildConfigurations = (
				BCDF1F242577F1ED00B7DC8C /* Debug */,
				BCDF1F252577F1ED00B7DC8C /* Release */,
			);
			defaultConfigurationIsVisible = 0;
			defaultConfigurationName = Release;
		};
		BCDF1F262577F1ED00B7DC8C /* Build configuration list for PBXNativeTarget "DrinkTogether" */ = {
			isa = XCConfigurationList;
			buildConfigurations = (
				BCDF1F272577F1ED00B7DC8C /* Debug */,
				BCDF1F282577F1ED00B7DC8C /* Release */,
			);
			defaultConfigurationIsVisible = 0;
			defaultConfigurationName = Release;
		};
/* End XCConfigurationList section */
	};
	rootObject = BCDF1F0A2577F1ED00B7DC8C /* Project object */;
}
