// !$*UTF8*$!
{
	archiveVersion = 1;
	classes = {
	};
	objectVersion = 51;
	objects = {

/* Begin PBXBuildFile section */
		4D14EC88246942C200604D08 /* ViewController.swift in Sources */ = {isa = PBXBuildFile; fileRef = 4D14EC87246942C200604D08 /* ViewController.swift */; };
		567E6C182465CA7000AFA289 /* GoogleService-Info.plist in Resources */ = {isa = PBXBuildFile; fileRef = 567E6C172465CA7000AFA289 /* GoogleService-Info.plist */; };
		567E6C1D2465D61100AFA289 /* Login.swift in Sources */ = {isa = PBXBuildFile; fileRef = 567E6C1C2465D61100AFA289 /* Login.swift */; };
		567E6C222465DA5800AFA289 /* Main.storyboard in Resources */ = {isa = PBXBuildFile; fileRef = 567E6C202465DA5800AFA289 /* Main.storyboard */; };
		567E6C242465DB9A00AFA289 /* home.swift in Sources */ = {isa = PBXBuildFile; fileRef = 567E6C232465DB9A00AFA289 /* home.swift */; };
		567E6C2E2467034300AFA289 /* Profile.swift in Sources */ = {isa = PBXBuildFile; fileRef = 567E6C2D2467034300AFA289 /* Profile.swift */; };
		5685743A246346FD00B360FF /* AppDelegate.swift in Sources */ = {isa = PBXBuildFile; fileRef = 56857439246346FD00B360FF /* AppDelegate.swift */; };
		5685743C246346FD00B360FF /* SceneDelegate.swift in Sources */ = {isa = PBXBuildFile; fileRef = 5685743B246346FD00B360FF /* SceneDelegate.swift */; };
		56857443246346FF00B360FF /* Assets.xcassets in Resources */ = {isa = PBXBuildFile; fileRef = 56857442246346FF00B360FF /* Assets.xcassets */; };
		56857446246346FF00B360FF /* LaunchScreen.storyboard in Resources */ = {isa = PBXBuildFile; fileRef = 56857444246346FF00B360FF /* LaunchScreen.storyboard */; };
		7CC93B26A94555E2940278D0 /* Pods_drink_together.framework in Frameworks */ = {isa = PBXBuildFile; fileRef = A63DE34B82AB0BEBE666D27E /* Pods_drink_together.framework */; };
/* End PBXBuildFile section */

/* Begin PBXFileReference section */
		0230BD681A2048BDB6CD612C /* Pods-drink-together.release.xcconfig */ = {isa = PBXFileReference; includeInIndex = 1; lastKnownFileType = text.xcconfig; name = "Pods-drink-together.release.xcconfig"; path = "Target Support Files/Pods-drink-together/Pods-drink-together.release.xcconfig"; sourceTree = "<group>"; };
		4D14EC87246942C200604D08 /* ViewController.swift */ = {isa = PBXFileReference; lastKnownFileType = sourcecode.swift; path = ViewController.swift; sourceTree = "<group>"; };
		567E6C172465CA7000AFA289 /* GoogleService-Info.plist */ = {isa = PBXFileReference; fileEncoding = 4; lastKnownFileType = text.plist.xml; path = "GoogleService-Info.plist"; sourceTree = "<group>"; };
		567E6C1A2465D2EB00AFA289 /* Register.swift */ = {isa = PBXFileReference; lastKnownFileType = sourcecode.swift; path = Register.swift; sourceTree = "<group>"; };
		567E6C1C2465D61100AFA289 /* Login.swift */ = {isa = PBXFileReference; lastKnownFileType = sourcecode.swift; path = Login.swift; sourceTree = "<group>"; };
		567E6C212465DA5800AFA289 /* Base */ = {isa = PBXFileReference; lastKnownFileType = file.storyboard; name = Base; path = Base.lproj/Main.storyboard; sourceTree = "<group>"; };
		567E6C232465DB9A00AFA289 /* home.swift */ = {isa = PBXFileReference; lastKnownFileType = sourcecode.swift; path = home.swift; sourceTree = "<group>"; };
		567E6C2D2467034300AFA289 /* Profile.swift */ = {isa = PBXFileReference; lastKnownFileType = sourcecode.swift; path = Profile.swift; sourceTree = "<group>"; };
		56857436246346FD00B360FF /* drink-together.app */ = {isa = PBXFileReference; explicitFileType = wrapper.application; includeInIndex = 0; path = "drink-together.app"; sourceTree = BUILT_PRODUCTS_DIR; };
		56857439246346FD00B360FF /* AppDelegate.swift */ = {isa = PBXFileReference; lastKnownFileType = sourcecode.swift; path = AppDelegate.swift; sourceTree = "<group>"; };
		5685743B246346FD00B360FF /* SceneDelegate.swift */ = {isa = PBXFileReference; lastKnownFileType = sourcecode.swift; path = SceneDelegate.swift; sourceTree = "<group>"; };
		56857442246346FF00B360FF /* Assets.xcassets */ = {isa = PBXFileReference; lastKnownFileType = folder.assetcatalog; path = Assets.xcassets; sourceTree = "<group>"; };
		56857445246346FF00B360FF /* Base */ = {isa = PBXFileReference; lastKnownFileType = file.storyboard; name = Base; path = Base.lproj/LaunchScreen.storyboard; sourceTree = "<group>"; };
		56857447246346FF00B360FF /* Info.plist */ = {isa = PBXFileReference; lastKnownFileType = text.plist.xml; path = Info.plist; sourceTree = "<group>"; };
		571A258ACE45F96EF8CBA38C /* Pods-drink-together.debug.xcconfig */ = {isa = PBXFileReference; includeInIndex = 1; lastKnownFileType = text.xcconfig; name = "Pods-drink-together.debug.xcconfig"; path = "Target Support Files/Pods-drink-together/Pods-drink-together.debug.xcconfig"; sourceTree = "<group>"; };
		A63DE34B82AB0BEBE666D27E /* Pods_drink_together.framework */ = {isa = PBXFileReference; explicitFileType = wrapper.framework; includeInIndex = 0; path = Pods_drink_together.framework; sourceTree = BUILT_PRODUCTS_DIR; };
/* End PBXFileReference section */

/* Begin PBXFrameworksBuildPhase section */
		56857433246346FD00B360FF /* Frameworks */ = {
			isa = PBXFrameworksBuildPhase;
			buildActionMask = 2147483647;
			files = (
				7CC93B26A94555E2940278D0 /* Pods_drink_together.framework in Frameworks */,
			);
			runOnlyForDeploymentPostprocessing = 0;
		};
/* End PBXFrameworksBuildPhase section */

/* Begin PBXGroup section */
		351B0BB6DAD3BB2D1AB52AE1 /* Pods */ = {
			isa = PBXGroup;
			children = (
				571A258ACE45F96EF8CBA38C /* Pods-drink-together.debug.xcconfig */,
				0230BD681A2048BDB6CD612C /* Pods-drink-together.release.xcconfig */,
			);
			path = Pods;
			sourceTree = "<group>";
		};
		567E6C1B2465D2EB00AFA289 /* Controller */ = {
			isa = PBXGroup;
			children = (
				4D14EC87246942C200604D08 /* ViewController.swift */,
				567E6C1A2465D2EB00AFA289 /* Register.swift */,
				567E6C1C2465D61100AFA289 /* Login.swift */,
				567E6C232465DB9A00AFA289 /* home.swift */,
				567E6C2D2467034300AFA289 /* Profile.swift */,
			);
			name = Controller;
			path = ..;
			sourceTree = "<group>";
		};
		5685742D246346FD00B360FF = {
			isa = PBXGroup;
			children = (
				56857438246346FD00B360FF /* drink-together */,
				56857437246346FD00B360FF /* Products */,
				351B0BB6DAD3BB2D1AB52AE1 /* Pods */,
				5AD425814CA0C09FA28D47F2 /* Frameworks */,
			);
			sourceTree = "<group>";
		};
		56857437246346FD00B360FF /* Products */ = {
			isa = PBXGroup;
			children = (
				56857436246346FD00B360FF /* drink-together.app */,
			);
			name = Products;
			sourceTree = "<group>";
		};
		56857438246346FD00B360FF /* drink-together */ = {
			isa = PBXGroup;
			children = (
				567E6C1B2465D2EB00AFA289 /* Controller */,
				56857439246346FD00B360FF /* AppDelegate.swift */,
				5685743B246346FD00B360FF /* SceneDelegate.swift */,
				567E6C202465DA5800AFA289 /* Main.storyboard */,
				56857442246346FF00B360FF /* Assets.xcassets */,
				56857444246346FF00B360FF /* LaunchScreen.storyboard */,
				56857447246346FF00B360FF /* Info.plist */,
				567E6C172465CA7000AFA289 /* GoogleService-Info.plist */,
			);
			path = "drink-together";
			sourceTree = "<group>";
		};
		5AD425814CA0C09FA28D47F2 /* Frameworks */ = {
			isa = PBXGroup;
			children = (
				A63DE34B82AB0BEBE666D27E /* Pods_drink_together.framework */,
			);
			name = Frameworks;
			sourceTree = "<group>";
		};
/* End PBXGroup section */

/* Begin PBXNativeTarget section */
		56857435246346FD00B360FF /* drink-together */ = {
			isa = PBXNativeTarget;
			buildConfigurationList = 5685744A246346FF00B360FF /* Build configuration list for PBXNativeTarget "drink-together" */;
			buildPhases = (
				7F2853F83085589570740727 /* [CP] Check Pods Manifest.lock */,
				56857432246346FD00B360FF /* Sources */,
				56857433246346FD00B360FF /* Frameworks */,
				56857434246346FD00B360FF /* Resources */,
				87B0FE1C810AD18693E3E84D /* [CP] Embed Pods Frameworks */,
			);
			buildRules = (
			);
			dependencies = (
			);
			name = "drink-together";
			productName = "drink-together";
			productReference = 56857436246346FD00B360FF /* drink-together.app */;
			productType = "com.apple.product-type.application";
		};
/* End PBXNativeTarget section */

/* Begin PBXProject section */
		5685742E246346FD00B360FF /* Project object */ = {
			isa = PBXProject;
			attributes = {
				LastSwiftUpdateCheck = 1130;
				LastUpgradeCheck = 1130;
				ORGANIZATIONNAME = "Mark Baumann";
				TargetAttributes = {
					56857435246346FD00B360FF = {
						CreatedOnToolsVersion = 11.3;
					};
				};
			};
			buildConfigurationList = 56857431246346FD00B360FF /* Build configuration list for PBXProject "drink-together" */;
			compatibilityVersion = "Xcode 9.3";
			developmentRegion = en;
			hasScannedForEncodings = 0;
			knownRegions = (
				en,
				Base,
			);
			mainGroup = 5685742D246346FD00B360FF;
			productRefGroup = 56857437246346FD00B360FF /* Products */;
			projectDirPath = "";
			projectRoot = "";
			targets = (
				56857435246346FD00B360FF /* drink-together */,
			);
		};
/* End PBXProject section */

/* Begin PBXResourcesBuildPhase section */
		56857434246346FD00B360FF /* Resources */ = {
			isa = PBXResourcesBuildPhase;
			buildActionMask = 2147483647;
			files = (
				56857446246346FF00B360FF /* LaunchScreen.storyboard in Resources */,
				567E6C182465CA7000AFA289 /* GoogleService-Info.plist in Resources */,
				56857443246346FF00B360FF /* Assets.xcassets in Resources */,
				567E6C222465DA5800AFA289 /* Main.storyboard in Resources */,
			);
			runOnlyForDeploymentPostprocessing = 0;
		};
/* End PBXResourcesBuildPhase section */

/* Begin PBXShellScriptBuildPhase section */
		7F2853F83085589570740727 /* [CP] Check Pods Manifest.lock */ = {
			isa = PBXShellScriptBuildPhase;
			buildActionMask = 2147483647;
			files = (
			);
			inputFileListPaths = (
			);
			inputPaths = (
				"${PODS_PODFILE_DIR_PATH}/Podfile.lock",
				"${PODS_ROOT}/Manifest.lock",
			);
			name = "[CP] Check Pods Manifest.lock";
			outputFileListPaths = (
			);
			outputPaths = (
				"$(DERIVED_FILE_DIR)/Pods-drink-together-checkManifestLockResult.txt",
			);
			runOnlyForDeploymentPostprocessing = 0;
			shellPath = /bin/sh;
			shellScript = "diff \"${PODS_PODFILE_DIR_PATH}/Podfile.lock\" \"${PODS_ROOT}/Manifest.lock\" > /dev/null\nif [ $? != 0 ] ; then\n    # print error to STDERR\n    echo \"error: The sandbox is not in sync with the Podfile.lock. Run 'pod install' or update your CocoaPods installation.\" >&2\n    exit 1\nfi\n# This output is used by Xcode 'outputs' to avoid re-running this script phase.\necho \"SUCCESS\" > \"${SCRIPT_OUTPUT_FILE_0}\"\n";
			showEnvVarsInLog = 0;
		};
		87B0FE1C810AD18693E3E84D /* [CP] Embed Pods Frameworks */ = {
			isa = PBXShellScriptBuildPhase;
			buildActionMask = 2147483647;
			files = (
			);
			inputFileListPaths = (
				"${PODS_ROOT}/Target Support Files/Pods-drink-together/Pods-drink-together-frameworks-${CONFIGURATION}-input-files.xcfilelist",
			);
			name = "[CP] Embed Pods Frameworks";
			outputFileListPaths = (
				"${PODS_ROOT}/Target Support Files/Pods-drink-together/Pods-drink-together-frameworks-${CONFIGURATION}-output-files.xcfilelist",
			);
			runOnlyForDeploymentPostprocessing = 0;
			shellPath = /bin/sh;
			shellScript = "\"${PODS_ROOT}/Target Support Files/Pods-drink-together/Pods-drink-together-frameworks.sh\"\n";
			showEnvVarsInLog = 0;
		};
/* End PBXShellScriptBuildPhase section */

/* Begin PBXSourcesBuildPhase section */
		56857432246346FD00B360FF /* Sources */ = {
			isa = PBXSourcesBuildPhase;
			buildActionMask = 2147483647;
			files = (
				4D14EC88246942C200604D08 /* ViewController.swift in Sources */,
				567E6C1D2465D61100AFA289 /* Login.swift in Sources */,
				5685743A246346FD00B360FF /* AppDelegate.swift in Sources */,
				567E6C2E2467034300AFA289 /* Profile.swift in Sources */,
				567E6C242465DB9A00AFA289 /* home.swift in Sources */,
				5685743C246346FD00B360FF /* SceneDelegate.swift in Sources */,
			);
			runOnlyForDeploymentPostprocessing = 0;
		};
/* End PBXSourcesBuildPhase section */

/* Begin PBXVariantGroup section */
		567E6C202465DA5800AFA289 /* Main.storyboard */ = {
			isa = PBXVariantGroup;
			children = (
				567E6C212465DA5800AFA289 /* Base */,
			);
			name = Main.storyboard;
			sourceTree = "<group>";
		};
		56857444246346FF00B360FF /* LaunchScreen.storyboard */ = {
			isa = PBXVariantGroup;
			children = (
				56857445246346FF00B360FF /* Base */,
			);
			name = LaunchScreen.storyboard;
			sourceTree = "<group>";
		};
/* End PBXVariantGroup section */

/* Begin XCBuildConfiguration section */
		56857448246346FF00B360FF /* Debug */ = {
			isa = XCBuildConfiguration;
			buildSettings = {
				ALWAYS_SEARCH_USER_PATHS = NO;
				CLANG_ANALYZER_NONNULL = YES;
				CLANG_ANALYZER_NUMBER_OBJECT_CONVERSION = YES_AGGRESSIVE;
				CLANG_CXX_LANGUAGE_STANDARD = "gnu++14";
				CLANG_CXX_LIBRARY = "libc++";
				CLANG_ENABLE_MODULES = YES;
				CLANG_ENABLE_OBJC_ARC = YES;
				CLANG_ENABLE_OBJC_WEAK = YES;
				CLANG_WARN_BLOCK_CAPTURE_AUTORELEASING = YES;
				CLANG_WARN_BOOL_CONVERSION = YES;
				CLANG_WARN_COMMA = YES;
				CLANG_WARN_CONSTANT_CONVERSION = YES;
				CLANG_WARN_DEPRECATED_OBJC_IMPLEMENTATIONS = YES;
				CLANG_WARN_DIRECT_OBJC_ISA_USAGE = YES_ERROR;
				CLANG_WARN_DOCUMENTATION_COMMENTS = YES;
				CLANG_WARN_EMPTY_BODY = YES;
				CLANG_WARN_ENUM_CONVERSION = YES;
				CLANG_WARN_INFINITE_RECURSION = YES;
				CLANG_WARN_INT_CONVERSION = YES;
				CLANG_WARN_NON_LITERAL_NULL_CONVERSION = YES;
				CLANG_WARN_OBJC_IMPLICIT_RETAIN_SELF = YES;
				CLANG_WARN_OBJC_LITERAL_CONVERSION = YES;
				CLANG_WARN_OBJC_ROOT_CLASS = YES_ERROR;
				CLANG_WARN_RANGE_LOOP_ANALYSIS = YES;
				CLANG_WARN_STRICT_PROTOTYPES = YES;
				CLANG_WARN_SUSPICIOUS_MOVE = YES;
				CLANG_WARN_UNGUARDED_AVAILABILITY = YES_AGGRESSIVE;
				CLANG_WARN_UNREACHABLE_CODE = YES;
				CLANG_WARN__DUPLICATE_METHOD_MATCH = YES;
				COPY_PHASE_STRIP = NO;
				DEBUG_INFORMATION_FORMAT = dwarf;
				ENABLE_STRICT_OBJC_MSGSEND = YES;
				ENABLE_TESTABILITY = YES;
				GCC_C_LANGUAGE_STANDARD = gnu11;
				GCC_DYNAMIC_NO_PIC = NO;
				GCC_NO_COMMON_BLOCKS = YES;
				GCC_OPTIMIZATION_LEVEL = 0;
				GCC_PREPROCESSOR_DEFINITIONS = (
					"DEBUG=1",
					"$(inherited)",
				);
				GCC_WARN_64_TO_32_BIT_CONVERSION = YES;
				GCC_WARN_ABOUT_RETURN_TYPE = YES_ERROR;
				GCC_WARN_UNDECLARED_SELECTOR = YES;
				GCC_WARN_UNINITIALIZED_AUTOS = YES_AGGRESSIVE;
				GCC_WARN_UNUSED_FUNCTION = YES;
				GCC_WARN_UNUSED_VARIABLE = YES;
				IPHONEOS_DEPLOYMENT_TARGET = 13.2;
				MTL_ENABLE_DEBUG_INFO = INCLUDE_SOURCE;
				MTL_FAST_MATH = YES;
				ONLY_ACTIVE_ARCH = YES;
				SDKROOT = iphoneos;
				SWIFT_ACTIVE_COMPILATION_CONDITIONS = DEBUG;
				SWIFT_OPTIMIZATION_LEVEL = "-Onone";
			};
			name = Debug;
		};
		56857449246346FF00B360FF /* Release */ = {
			isa = XCBuildConfiguration;
			buildSettings = {
				ALWAYS_SEARCH_USER_PATHS = NO;
				CLANG_ANALYZER_NONNULL = YES;
				CLANG_ANALYZER_NUMBER_OBJECT_CONVERSION = YES_AGGRESSIVE;
				CLANG_CXX_LANGUAGE_STANDARD = "gnu++14";
				CLANG_CXX_LIBRARY = "libc++";
				CLANG_ENABLE_MODULES = YES;
				CLANG_ENABLE_OBJC_ARC = YES;
				CLANG_ENABLE_OBJC_WEAK = YES;
				CLANG_WARN_BLOCK_CAPTURE_AUTORELEASING = YES;
				CLANG_WARN_BOOL_CONVERSION = YES;
				CLANG_WARN_COMMA = YES;
				CLANG_WARN_CONSTANT_CONVERSION = YES;
				CLANG_WARN_DEPRECATED_OBJC_IMPLEMENTATIONS = YES;
				CLANG_WARN_DIRECT_OBJC_ISA_USAGE = YES_ERROR;
				CLANG_WARN_DOCUMENTATION_COMMENTS = YES;
				CLANG_WARN_EMPTY_BODY = YES;
				CLANG_WARN_ENUM_CONVERSION = YES;
				CLANG_WARN_INFINITE_RECURSION = YES;
				CLANG_WARN_INT_CONVERSION = YES;
				CLANG_WARN_NON_LITERAL_NULL_CONVERSION = YES;
				CLANG_WARN_OBJC_IMPLICIT_RETAIN_SELF = YES;
				CLANG_WARN_OBJC_LITERAL_CONVERSION = YES;
				CLANG_WARN_OBJC_ROOT_CLASS = YES_ERROR;
				CLANG_WARN_RANGE_LOOP_ANALYSIS = YES;
				CLANG_WARN_STRICT_PROTOTYPES = YES;
				CLANG_WARN_SUSPICIOUS_MOVE = YES;
				CLANG_WARN_UNGUARDED_AVAILABILITY = YES_AGGRESSIVE;
				CLANG_WARN_UNREACHABLE_CODE = YES;
				CLANG_WARN__DUPLICATE_METHOD_MATCH = YES;
				COPY_PHASE_STRIP = NO;
				DEBUG_INFORMATION_FORMAT = "dwarf-with-dsym";
				ENABLE_NS_ASSERTIONS = NO;
				ENABLE_STRICT_OBJC_MSGSEND = YES;
				GCC_C_LANGUAGE_STANDARD = gnu11;
				GCC_NO_COMMON_BLOCKS = YES;
				GCC_WARN_64_TO_32_BIT_CONVERSION = YES;
				GCC_WARN_ABOUT_RETURN_TYPE = YES_ERROR;
				GCC_WARN_UNDECLARED_SELECTOR = YES;
				GCC_WARN_UNINITIALIZED_AUTOS = YES_AGGRESSIVE;
				GCC_WARN_UNUSED_FUNCTION = YES;
				GCC_WARN_UNUSED_VARIABLE = YES;
				IPHONEOS_DEPLOYMENT_TARGET = 13.2;
				MTL_ENABLE_DEBUG_INFO = NO;
				MTL_FAST_MATH = YES;
				SDKROOT = iphoneos;
				SWIFT_COMPILATION_MODE = wholemodule;
				SWIFT_OPTIMIZATION_LEVEL = "-O";
				VALIDATE_PRODUCT = YES;
			};
			name = Release;
		};
		5685744B246346FF00B360FF /* Debug */ = {
			isa = XCBuildConfiguration;
			baseConfigurationReference = 571A258ACE45F96EF8CBA38C /* Pods-drink-together.debug.xcconfig */;
			buildSettings = {
				ASSETCATALOG_COMPILER_APPICON_NAME = AppIcon;
				CODE_SIGN_STYLE = Automatic;
				DEVELOPMENT_TEAM = Z988D3GT3S;
				INFOPLIST_FILE = "drink-together/Info.plist";
				LD_RUNPATH_SEARCH_PATHS = (
					"$(inherited)",
					"@executable_path/Frameworks",
				);
				PRODUCT_BUNDLE_IDENTIFIER = "de.markb.drink-together";
				PRODUCT_NAME = "$(TARGET_NAME)";
				SWIFT_VERSION = 5.0;
				TARGETED_DEVICE_FAMILY = "1,2";
			};
			name = Debug;
		};
		5685744C246346FF00B360FF /* Release */ = {
			isa = XCBuildConfiguration;
			baseConfigurationReference = 0230BD681A2048BDB6CD612C /* Pods-drink-together.release.xcconfig */;
			buildSettings = {
				ASSETCATALOG_COMPILER_APPICON_NAME = AppIcon;
				CODE_SIGN_STYLE = Automatic;
				DEVELOPMENT_TEAM = Z988D3GT3S;
				INFOPLIST_FILE = "drink-together/Info.plist";
				LD_RUNPATH_SEARCH_PATHS = (
					"$(inherited)",
					"@executable_path/Frameworks",
				);
				PRODUCT_BUNDLE_IDENTIFIER = "de.markb.drink-together";
				PRODUCT_NAME = "$(TARGET_NAME)";
				SWIFT_VERSION = 5.0;
				TARGETED_DEVICE_FAMILY = "1,2";
			};
			name = Release;
		};
/* End XCBuildConfiguration section */

/* Begin XCConfigurationList section */
		56857431246346FD00B360FF /* Build configuration list for PBXProject "drink-together" */ = {
			isa = XCConfigurationList;
			buildConfigurations = (
				56857448246346FF00B360FF /* Debug */,
				56857449246346FF00B360FF /* Release */,
			);
			defaultConfigurationIsVisible = 0;
			defaultConfigurationName = Release;
		};
		5685744A246346FF00B360FF /* Build configuration list for PBXNativeTarget "drink-together" */ = {
			isa = XCConfigurationList;
			buildConfigurations = (
				5685744B246346FF00B360FF /* Debug */,
				5685744C246346FF00B360FF /* Release */,
			);
			defaultConfigurationIsVisible = 0;
			defaultConfigurationName = Release;
		};
/* End XCConfigurationList section */
	};
	rootObject = 5685742E246346FD00B360FF /* Project object */;
}
